
Microsoft Visual Studio Solution File, Format Version 12.00
# Visual Studio Version 17
VisualStudioVersion = 17.0.31903.59
MinimumVisualStudioVersion = 10.0.40219.1
Project("{FAE04EC0-301F-11D3-BF4B-00C04F79EFBC}") = "ScoreBurrow.Web", "ScoreBurrow.Web\ScoreBurrow.Web.csproj", "{4EDBECCB-7FD1-47EA-B92A-042B84FADBC6}"
EndProject
Project("{FAE04EC0-301F-11D3-BF4B-00C04F79EFBC}") = "ScoreBurrow.Data", "ScoreBurrow.Data\ScoreBurrow.Data.csproj", "{1D617FAB-D9C6-42A1-9C17-2D5459201884}"
EndProject
Global
	GlobalSection(SolutionProperties) = preSolution
		HideSolutionNode = FALSE
	EndGlobalSection
	GlobalSection(SolutionConfigurationPlatforms) = preSolution
		Debug|Any CPU = Debug|Any CPU
		Debug|x64 = Debug|x64
		Debug|x86 = Debug|x86
		Release|Any CPU = Release|Any CPU
		Release|x64 = Release|x64
		Release|x86 = Release|x86
	EndGlobalSection
	GlobalSection(ProjectConfigurationPlatforms) = postSolution
		{4EDBECCB-7FD1-47EA-B92A-042B84FADBC6}.Debug|Any CPU.ActiveCfg = Debug|Any CPU
		{4EDBECCB-7FD1-47EA-B92A-042B84FADBC6}.Debug|Any CPU.Build.0 = Debug|Any CPU
		{4EDBECCB-7FD1-47EA-B92A-042B84FADBC6}.Debug|x64.ActiveCfg = Debug|Any CPU
		{4EDBECCB-7FD1-47EA-B92A-042B84FADBC6}.Debug|x64.Build.0 = Debug|Any CPU
		{4EDBECCB-7FD1-47EA-B92A-042B84FADBC6}.Debug|x86.ActiveCfg = Debug|Any CPU
		{4EDBECCB-7FD1-47EA-B92A-042B84FADBC6}.Debug|x86.Build.0 = Debug|Any CPU
		{4EDBECCB-7FD1-47EA-B92A-042B84FADBC6}.Release|Any CPU.ActiveCfg = Release|Any CPU
		{4EDBECCB-7FD1-47EA-B92A-042B84FADBC6}.Release|Any CPU.Build.0 = Release|Any CPU
		{4EDBECCB-7FD1-47EA-B92A-042B84FADBC6}.Release|x64.ActiveCfg = Release|Any CPU
		{4EDBECCB-7FD1-47EA-B92A-042B84FADBC6}.Release|x64.Build.0 = Release|Any CPU
		{4EDBECCB-7FD1-47EA-B92A-042B84FADBC6}.Release|x86.ActiveCfg = Release|Any CPU
		{4EDBECCB-7FD1-47EA-B92A-042B84FADBC6}.Release|x86.Build.0 = Release|Any CPU
		{1D617FAB-D9C6-42A1-9C17-2D5459201884}.Debug|Any CPU.ActiveCfg = Debug|Any CPU
		{1D617FAB-D9C6-42A1-9C17-2D5459201884}.Debug|Any CPU.Build.0 = Debug|Any CPU
		{1D617FAB-D9C6-42A1-9C17-2D5459201884}.Debug|x64.ActiveCfg = Debug|Any CPU
		{1D617FAB-D9C6-42A1-9C17-2D5459201884}.Debug|x64.Build.0 = Debug|Any CPU
		{1D617FAB-D9C6-42A1-9C17-2D5459201884}.Debug|x86.ActiveCfg = Debug|Any CPU
		{1D617FAB-D9C6-42A1-9C17-2D5459201884}.Debug|x86.Build.0 = Debug|Any CPU
		{1D617FAB-D9C6-42A1-9C17-2D5459201884}.Release|Any CPU.ActiveCfg = Release|Any CPU
		{1D617FAB-D9C6-42A1-9C17-2D5459201884}.Release|Any CPU.Build.0 = Release|Any CPU
		{1D617FAB-D9C6-42A1-9C17-2D5459201884}.Release|x64.ActiveCfg = Release|Any CPU
		{1D617FAB-D9C6-42A1-9C17-2D5459201884}.Release|x64.Build.0 = Release|Any CPU
		{1D617FAB-D9C6-42A1-9C17-2D5459201884}.Release|x86.ActiveCfg = Release|Any CPU
		{1D617FAB-D9C6-42A1-9C17-2D5459201884}.Release|x86.Build.0 = Release|Any CPU
	EndGlobalSection
EndGlobal
